
Microsoft Visual Studio Solution File, Format Version 12.00
# Visual Studio Version 17
VisualStudioVersion = 17.14.36804.6
MinimumVisualStudioVersion = 10.0.40219.1
Project("{FAE04EC0-301F-11D3-BF4B-00C04F79EFBC}") = "Get-StudentCase-Batch", "Get-StudentCase-Batch\Get-StudentCase-Batch.csproj", "{F796CC1C-F7A4-4DBF-ADFB-153F3BE5DF8C}"
EndProject
Project("{FAE04EC0-301F-11D3-BF4B-00C04F79EFBC}") = "Get-StudentCase-Api", "Get-StudentCase-Api\Get-StudentCase-Api.csproj", "{818861C1-D4D3-433A-BD12-D02EC8574872}"
EndProject
Global
	GlobalSection(SolutionConfigurationPlatforms) = preSolution
		Debug|Any CPU = Debug|Any CPU
		Release|Any CPU = Release|Any CPU
	EndGlobalSection
	GlobalSection(ProjectConfigurationPlatforms) = postSolution
		{F796CC1C-F7A4-4DBF-ADFB-153F3BE5DF8C}.Debug|Any CPU.ActiveCfg = Debug|Any CPU
		{F796CC1C-F7A4-4DBF-ADFB-153F3BE5DF8C}.Debug|Any CPU.Build.0 = Debug|Any CPU
		{F796CC1C-F7A4-4DBF-ADFB-153F3BE5DF8C}.Release|Any CPU.ActiveCfg = Release|Any CPU
		{F796CC1C-F7A4-4DBF-ADFB-153F3BE5DF8C}.Release|Any CPU.Build.0 = Release|Any CPU
		{818861C1-D4D3-433A-BD12-D02EC8574872}.Debug|Any CPU.ActiveCfg = Debug|Any CPU
		{818861C1-D4D3-433A-BD12-D02EC8574872}.Debug|Any CPU.Build.0 = Debug|Any CPU
		{818861C1-D4D3-433A-BD12-D02EC8574872}.Release|Any CPU.ActiveCfg = Release|Any CPU
		{818861C1-D4D3-433A-BD12-D02EC8574872}.Release|Any CPU.Build.0 = Release|Any CPU
	EndGlobalSection
	GlobalSection(SolutionProperties) = preSolution
		HideSolutionNode = FALSE
	EndGlobalSection
	GlobalSection(ExtensibilityGlobals) = postSolution
		SolutionGuid = {4E5175CB-7E58-4AE3-9E67-E7D122E5D65F}
	EndGlobalSection
EndGlobal
